#
# This file is autogenerated by pip-compile with Python 3.11
# by the following command:
#
#    poe lock
#
annotated-doc==0.0.5
    # via fastapi
annotated-types==0.8.0
    # via pydantic
anyio==4.15.1
    # via starlette
beanie==2.2.0
    # via tech-toppings-backend (pyproject.toml)
click==8.5.0
    # via
    #   beanie
    #   uvicorn
dnspython==2.8.0
    # via pymongo
fastapi==0.142.4
    # via tech-toppings-backend (pyproject.toml)
h11==0.16.0
    # via uvicorn
idna==3.20
    # via anyio
lazy-model==0.4.0
    # via beanie
opentelemetry-api==1.45.1
    # via fastapi
pydantic==2.13.5
    # via
    #   beanie
    #   fastapi
    #   lazy-model
    #   pydantic-settings
    #   tech-toppings-backend (pyproject.toml)
pydantic-core==2.46.5
    # via pydantic
pydantic-settings==2.15.0
    # via tech-toppings-backend (pyproject.toml)
pymongo==4.18.2
    # via
    #   beanie
    #   tech-toppings-backend (pyproject.toml)
python-dotenv==1.2.4
    # via pydantic-settings
starlette==1.7.0
    # via fastapi
structlog==26.1.0
    # via tech-toppings-backend (pyproject.toml)
typing-extensions==4.16.0
    # via
    #   anyio
    #   beanie
    #   fastapi
    #   opentelemetry-api
    #   pydantic
    #   pydantic-core
    #   starlette
    #   typing-inspection
typing-inspection==0.4.4
    # via
    #   fastapi
    #   pydantic
    #   pydantic-settings
uvicorn==0.54.0
    # via tech-toppings-backend (pyproject.toml)
