#
# This file is autogenerated by pip-compile with Python 3.11
# by the following command:
#
#    poe lock
#
actionlint-py==1.7.12.25
    # via tech-toppings-backend (pyproject.toml)
annotated-doc==0.0.5
    # via fastapi
annotated-types==0.8.0
    # via pydantic
anyio==4.15.1
    # via
    #   httpx
    #   starlette
argon2-cffi==25.1.0
    # via tech-toppings-backend (pyproject.toml)
argon2-cffi-bindings==26.1.0
    # via argon2-cffi
asgi-lifespan==2.1.0
    # via tech-toppings-backend (pyproject.toml)
ast-serialize==0.12.1
    # via mypy
beanie==2.2.0
    # via tech-toppings-backend (pyproject.toml)
boolean-py==5.0
    # via license-expression
build==1.6.1
    # via pip-tools
cachecontrol==0.14.4
    # via
    #   cachecontrol
    #   pip-audit
certifi==2026.7.22
    # via
    #   httpcore
    #   httpx
    #   requests
cffi==2.1.1
    # via
    #   argon2-cffi-bindings
    #   cryptography
cfgv==3.5.0
    # via pre-commit
charset-normalizer==3.5.2
    # via requests
click==8.5.0
    # via
    #   beanie
    #   import-linter
    #   pip-tools
    #   uvicorn
colorama==0.4.6
    # via
    #   build
    #   pytest
coverage==7.16.2
    # via pytest-cov
cryptography==50.0.2
    # via pyjwt
cyclonedx-python-lib==11.12.0
    # via pip-audit
defusedxml==0.7.1
    # via py-serializable
deprecated==1.3.1
    # via limits
distlib==0.4.3
    # via virtualenv
dnspython==2.8.0
    # via
    #   email-validator
    #   pymongo
email-validator==2.3.0
    # via tech-toppings-backend (pyproject.toml)
fastapi==0.142.4
    # via tech-toppings-backend (pyproject.toml)
filelock==4.0.12
    # via
    #   cachecontrol
    #   python-discovery
    #   virtualenv
grimp==3.17
    # via import-linter
h11==0.16.0
    # via
    #   httpcore
    #   uvicorn
httpcore==1.0.9
    # via httpx
httpx==0.28.1
    # via
    #   respx
    #   tech-toppings-backend (pyproject.toml)
identify==2.6.20
    # via pre-commit
idna==3.20
    # via
    #   anyio
    #   email-validator
    #   httpx
    #   requests
import-linter==2.15
    # via tech-toppings-backend (pyproject.toml)
iniconfig==2.3.1
    # via pytest
lazy-model==0.4.0
    # via beanie
librt==0.16.0
    # via mypy
license-expression==30.4.4
    # via cyclonedx-python-lib
limits==5.8.0
    # via tech-toppings-backend (pyproject.toml)
markdown-it-py==4.2.0
    # via rich
mdurl==0.1.2
    # via markdown-it-py
msgpack==1.2.3
    # via cachecontrol
mypy==2.4.0
    # via tech-toppings-backend (pyproject.toml)
mypy-extensions==1.1.0
    # via mypy
nodeenv==1.11.0
    # via pre-commit
opentelemetry-api==1.45.1
    # via fastapi
packageurl-python==0.17.6
    # via cyclonedx-python-lib
packaging==26.3
    # via
    #   build
    #   limits
    #   pip-audit
    #   pip-requirements-parser
    #   pytest
    #   virtualenv
    #   wheel
pastel==0.2.1
    # via poethepoet
pathspec==1.1.1
    # via mypy
pip-api==0.0.35
    # via pip-audit
pip-audit==2.10.1
    # via tech-toppings-backend (pyproject.toml)
pip-requirements-parser==32.0.1
    # via pip-audit
pip-tools==7.6.2
    # via tech-toppings-backend (pyproject.toml)
platformdirs==4.12.4
    # via
    #   pip-audit
    #   virtualenv
pluggy==1.6.0
    # via
    #   pytest
    #   pytest-cov
poethepoet==0.48.0
    # via tech-toppings-backend (pyproject.toml)
pre-commit==4.6.2
    # via tech-toppings-backend (pyproject.toml)
py-serializable==2.1.0
    # via cyclonedx-python-lib
pycparser==3.1
    # via cffi
pydantic==2.13.5
    # via
    #   beanie
    #   fastapi
    #   lazy-model
    #   pydantic-settings
    #   tech-toppings-backend (pyproject.toml)
pydantic-core==2.46.5
    # via pydantic
pydantic-settings==2.15.0
    # via tech-toppings-backend (pyproject.toml)
pygments==2.21.0
    # via
    #   pytest
    #   rich
pyjwt==2.15.1
    # via tech-toppings-backend (pyproject.toml)
pymongo==4.18.2
    # via
    #   beanie
    #   tech-toppings-backend (pyproject.toml)
pyparsing==3.3.3
    # via pip-requirements-parser
pyproject-hooks==1.3.3
    # via
    #   build
    #   pip-tools
pytest==9.1.1
    # via
    #   pytest-asyncio
    #   pytest-cov
    #   tech-toppings-backend (pyproject.toml)
pytest-asyncio==1.4.0
    # via tech-toppings-backend (pyproject.toml)
pytest-cov==7.1.0
    # via tech-toppings-backend (pyproject.toml)
python-discovery==1.6.1
    # via virtualenv
python-dotenv==1.2.4
    # via pydantic-settings
pyyaml==6.0.3
    # via
    #   poethepoet
    #   pre-commit
requests==2.34.2
    # via
    #   cachecontrol
    #   pip-audit
respx==0.23.1
    # via tech-toppings-backend (pyproject.toml)
rich==15.0.0
    # via
    #   import-linter
    #   pip-audit
ruff==0.16.10
    # via tech-toppings-backend (pyproject.toml)
sniffio==1.3.1
    # via asgi-lifespan
sortedcontainers==2.4.0
    # via cyclonedx-python-lib
starlette==1.7.0
    # via fastapi
structlog==26.1.0
    # via tech-toppings-backend (pyproject.toml)
tomli==2.5.0
    # via pip-audit
tomli-w==1.2.0
    # via pip-audit
typing-extensions==4.16.0
    # via
    #   anyio
    #   beanie
    #   cyclonedx-python-lib
    #   fastapi
    #   import-linter
    #   limits
    #   mypy
    #   opentelemetry-api
    #   pydantic
    #   pydantic-core
    #   pytest-asyncio
    #   starlette
    #   typing-inspection
typing-inspection==0.4.4
    # via
    #   fastapi
    #   pydantic
    #   pydantic-settings
tzdata==2026.5
    # via tech-toppings-backend (pyproject.toml)
urllib3==2.8.0
    # via requests
uvicorn==0.54.0
    # via tech-toppings-backend (pyproject.toml)
virtualenv==21.14.5
    # via pre-commit
wheel==0.48.0
    # via pip-tools
wrapt==2.5.0
    # via deprecated

# The following packages are considered to be unsafe in a requirements file:
# pip
# setuptools
